
Microsoft Visual Studio Solution File, Format Version 12.00
# Visual Studio Version 17
VisualStudioVersion = 17.13.35919.96
MinimumVisualStudioVersion = 10.0.40219.1
Project("{8BC9CEB8-8B4A-11D0-8D11-00A0C91BC942}") = "Program", "Program.vcxproj", "{96ED706F-0C45-4BF3-985E-04DA2ED25815}"
EndProject
Project("{8BC9CEB8-8B4A-11D0-8D11-00A0C91BC942}") = "Class01 Single Linked List (단일 연결 리스트)", "..\Class01 Single Linked List (단일 연결 리스트)\Class01 Single Linked List (단일 연결 리스트).vcxproj", "{C7E840D1-995A-4364-BC2D-7DBEE320CBB4}"
EndProject
Project("{8BC9CEB8-8B4A-11D0-8D11-00A0C91BC942}") = "class02th Double Linked List (양방 연결 리스트)", "..\class02th Double Linked List (원형 연결 리스트)\class02th Double Linked List (원형 연결 리스트).vcxproj", "{A8AF7406-39F0-4096-B3BB-57AC5ADA9865}"
EndProject
Project("{8BC9CEB8-8B4A-11D0-8D11-00A0C91BC942}") = "Class03 Circle Linked list (원형 연결 리스트)", "..\Class03 Circle Linked list (원형 연결 리스트)\Class03 Circle Linked list (원형 연결 리스트).vcxproj", "{87D0FC5B-0989-4614-AB92-76E58D2BC632}"
EndProject
Project("{8BC9CEB8-8B4A-11D0-8D11-00A0C91BC942}") = "Class04th vector (벡터)", "..\Class04th vector (벡터)\Class04th vector (벡터).vcxproj", "{C5999DD6-0F43-41E2-8308-94DD5CFFCA59}"
EndProject
Project("{8BC9CEB8-8B4A-11D0-8D11-00A0C91BC942}") = "Class05th String (스트링)", "..\Class05th String (스트링)\Class05th String (스트링).vcxproj", "{B27E226E-7889-4BD2-B7B6-47EE167D0CBB}"
EndProject
Project("{8BC9CEB8-8B4A-11D0-8D11-00A0C91BC942}") = "Class06th Stack (스택)", "..\Class06th Stack (스택)\Class06th Stack (스택).vcxproj", "{34593663-B6B2-4AF6-831C-EC7C100FE2D7}"
EndProject
Project("{8BC9CEB8-8B4A-11D0-8D11-00A0C91BC942}") = "Class07th Linear Queue (선형 큐)", "..\Class07th Linear Queue (선형 큐)\Class07th Linear Queue (선형 큐).vcxproj", "{8F9A8433-B11A-42D5-85FC-3D138766C7B3}"
EndProject
Project("{8BC9CEB8-8B4A-11D0-8D11-00A0C91BC942}") = "Class08th Circle Queue (원형 큐)", "..\Class08th Circle Queue (원형 큐)\Class08th Circle Queue (원형 큐).vcxproj", "{A2BE1757-9641-4F55-BDAF-F9E62A529854}"
EndProject
Project("{8BC9CEB8-8B4A-11D0-8D11-00A0C91BC942}") = "Class09th Priority Queue (우선순위 큐)", "..\Class09th Priority Queue (우선순위 큐)\Class09th Priority Queue (우선순위 큐).vcxproj", "{C19A299B-127F-4146-AEE6-7172483DF3B2}"
EndProject
Project("{8BC9CEB8-8B4A-11D0-8D11-00A0C91BC942}") = "Class10th Hash Table (해시 테이블)", "..\Class10th Hash Table (해시 테이블)\Class10th Hash Table (해시 테이블).vcxproj", "{1EED89BA-1775-42A2-A9DF-2CB61B1798EE}"
EndProject
Project("{8BC9CEB8-8B4A-11D0-8D11-00A0C91BC942}") = "Class11th Adjacency Matrix (인접 행렬 그래프)", "..\Class11th Adjacency Matrix (인접 행렬 그래프)\Class11th Adjacency Matrix (인접 행렬 그래프).vcxproj", "{6C13E3E6-F583-4E54-91B9-78C68A9470C6}"
EndProject
Project("{8BC9CEB8-8B4A-11D0-8D11-00A0C91BC942}") = "Class12th Adjcency List (인접 리스트)", "..\Class12th Adjcency List (인접 리스트)\Class12th Adjcency List (인접 리스트).vcxproj", "{15222A31-211E-4E3D-8EFD-D769FE73E858}"
EndProject
Project("{8BC9CEB8-8B4A-11D0-8D11-00A0C91BC942}") = "Class13th Binary Search Tree (이진 탐색 트리)", "..\Class13th Binary Search Tree (이진 탐색 트리)\Class13th Binary Search Tree (이진 탐색 트리).vcxproj", "{1859C2CC-EB4D-48D4-8C36-AD5CCDCBF818}"
EndProject
Global
	GlobalSection(SolutionConfigurationPlatforms) = preSolution
		Debug|x64 = Debug|x64
		Debug|x86 = Debug|x86
		Release|x64 = Release|x64
		Release|x86 = Release|x86
	EndGlobalSection
	GlobalSection(ProjectConfigurationPlatforms) = postSolution
		{96ED706F-0C45-4BF3-985E-04DA2ED25815}.Debug|x64.ActiveCfg = Debug|x64
		{96ED706F-0C45-4BF3-985E-04DA2ED25815}.Debug|x64.Build.0 = Debug|x64
		{96ED706F-0C45-4BF3-985E-04DA2ED25815}.Debug|x86.ActiveCfg = Debug|Win32
		{96ED706F-0C45-4BF3-985E-04DA2ED25815}.Debug|x86.Build.0 = Debug|Win32
		{96ED706F-0C45-4BF3-985E-04DA2ED25815}.Release|x64.ActiveCfg = Release|x64
		{96ED706F-0C45-4BF3-985E-04DA2ED25815}.Release|x64.Build.0 = Release|x64
		{96ED706F-0C45-4BF3-985E-04DA2ED25815}.Release|x86.ActiveCfg = Release|Win32
		{96ED706F-0C45-4BF3-985E-04DA2ED25815}.Release|x86.Build.0 = Release|Win32
		{C7E840D1-995A-4364-BC2D-7DBEE320CBB4}.Debug|x64.ActiveCfg = Debug|x64
		{C7E840D1-995A-4364-BC2D-7DBEE320CBB4}.Debug|x64.Build.0 = Debug|x64
		{C7E840D1-995A-4364-BC2D-7DBEE320CBB4}.Debug|x86.ActiveCfg = Debug|Win32
		{C7E840D1-995A-4364-BC2D-7DBEE320CBB4}.Debug|x86.Build.0 = Debug|Win32
		{C7E840D1-995A-4364-BC2D-7DBEE320CBB4}.Release|x64.ActiveCfg = Release|x64
		{C7E840D1-995A-4364-BC2D-7DBEE320CBB4}.Release|x64.Build.0 = Release|x64
		{C7E840D1-995A-4364-BC2D-7DBEE320CBB4}.Release|x86.ActiveCfg = Release|Win32
		{C7E840D1-995A-4364-BC2D-7DBEE320CBB4}.Release|x86.Build.0 = Release|Win32
		{A8AF7406-39F0-4096-B3BB-57AC5ADA9865}.Debug|x64.ActiveCfg = Debug|x64
		{A8AF7406-39F0-4096-B3BB-57AC5ADA9865}.Debug|x64.Build.0 = Debug|x64
		{A8AF7406-39F0-4096-B3BB-57AC5ADA9865}.Debug|x86.ActiveCfg = Debug|Win32
		{A8AF7406-39F0-4096-B3BB-57AC5ADA9865}.Debug|x86.Build.0 = Debug|Win32
		{A8AF7406-39F0-4096-B3BB-57AC5ADA9865}.Release|x64.ActiveCfg = Release|x64
		{A8AF7406-39F0-4096-B3BB-57AC5ADA9865}.Release|x64.Build.0 = Release|x64
		{A8AF7406-39F0-4096-B3BB-57AC5ADA9865}.Release|x86.ActiveCfg = Release|Win32
		{A8AF7406-39F0-4096-B3BB-57AC5ADA9865}.Release|x86.Build.0 = Release|Win32
		{87D0FC5B-0989-4614-AB92-76E58D2BC632}.Debug|x64.ActiveCfg = Debug|x64
		{87D0FC5B-0989-4614-AB92-76E58D2BC632}.Debug|x64.Build.0 = Debug|x64
		{87D0FC5B-0989-4614-AB92-76E58D2BC632}.Debug|x86.ActiveCfg = Debug|Win32
		{87D0FC5B-0989-4614-AB92-76E58D2BC632}.Debug|x86.Build.0 = Debug|Win32
		{87D0FC5B-0989-4614-AB92-76E58D2BC632}.Release|x64.ActiveCfg = Release|x64
		{87D0FC5B-0989-4614-AB92-76E58D2BC632}.Release|x64.Build.0 = Release|x64
		{87D0FC5B-0989-4614-AB92-76E58D2BC632}.Release|x86.ActiveCfg = Release|Win32
		{87D0FC5B-0989-4614-AB92-76E58D2BC632}.Release|x86.Build.0 = Release|Win32
		{C5999DD6-0F43-41E2-8308-94DD5CFFCA59}.Debug|x64.ActiveCfg = Debug|x64
		{C5999DD6-0F43-41E2-8308-94DD5CFFCA59}.Debug|x64.Build.0 = Debug|x64
		{C5999DD6-0F43-41E2-8308-94DD5CFFCA59}.Debug|x86.ActiveCfg = Debug|Win32
		{C5999DD6-0F43-41E2-8308-94DD5CFFCA59}.Debug|x86.Build.0 = Debug|Win32
		{C5999DD6-0F43-41E2-8308-94DD5CFFCA59}.Release|x64.ActiveCfg = Release|x64
		{C5999DD6-0F43-41E2-8308-94DD5CFFCA59}.Release|x64.Build.0 = Release|x64
		{C5999DD6-0F43-41E2-8308-94DD5CFFCA59}.Release|x86.ActiveCfg = Release|Win32
		{C5999DD6-0F43-41E2-8308-94DD5CFFCA59}.Release|x86.Build.0 = Release|Win32
		{B27E226E-7889-4BD2-B7B6-47EE167D0CBB}.Debug|x64.ActiveCfg = Debug|x64
		{B27E226E-7889-4BD2-B7B6-47EE167D0CBB}.Debug|x64.Build.0 = Debug|x64
		{B27E226E-7889-4BD2-B7B6-47EE167D0CBB}.Debug|x86.ActiveCfg = Debug|Win32
		{B27E226E-7889-4BD2-B7B6-47EE167D0CBB}.Debug|x86.Build.0 = Debug|Win32
		{B27E226E-7889-4BD2-B7B6-47EE167D0CBB}.Release|x64.ActiveCfg = Release|x64
		{B27E226E-7889-4BD2-B7B6-47EE167D0CBB}.Release|x64.Build.0 = Release|x64
		{B27E226E-7889-4BD2-B7B6-47EE167D0CBB}.Release|x86.ActiveCfg = Release|Win32
		{B27E226E-7889-4BD2-B7B6-47EE167D0CBB}.Release|x86.Build.0 = Release|Win32
		{34593663-B6B2-4AF6-831C-EC7C100FE2D7}.Debug|x64.ActiveCfg = Debug|x64
		{34593663-B6B2-4AF6-831C-EC7C100FE2D7}.Debug|x64.Build.0 = Debug|x64
		{34593663-B6B2-4AF6-831C-EC7C100FE2D7}.Debug|x86.ActiveCfg = Debug|Win32
		{34593663-B6B2-4AF6-831C-EC7C100FE2D7}.Debug|x86.Build.0 = Debug|Win32
		{34593663-B6B2-4AF6-831C-EC7C100FE2D7}.Release|x64.ActiveCfg = Release|x64
		{34593663-B6B2-4AF6-831C-EC7C100FE2D7}.Release|x64.Build.0 = Release|x64
		{34593663-B6B2-4AF6-831C-EC7C100FE2D7}.Release|x86.ActiveCfg = Release|Win32
		{34593663-B6B2-4AF6-831C-EC7C100FE2D7}.Release|x86.Build.0 = Release|Win32
		{8F9A8433-B11A-42D5-85FC-3D138766C7B3}.Debug|x64.ActiveCfg = Debug|x64
		{8F9A8433-B11A-42D5-85FC-3D138766C7B3}.Debug|x64.Build.0 = Debug|x64
		{8F9A8433-B11A-42D5-85FC-3D138766C7B3}.Debug|x86.ActiveCfg = Debug|Win32
		{8F9A8433-B11A-42D5-85FC-3D138766C7B3}.Debug|x86.Build.0 = Debug|Win32
		{8F9A8433-B11A-42D5-85FC-3D138766C7B3}.Release|x64.ActiveCfg = Release|x64
		{8F9A8433-B11A-42D5-85FC-3D138766C7B3}.Release|x64.Build.0 = Release|x64
		{8F9A8433-B11A-42D5-85FC-3D138766C7B3}.Release|x86.ActiveCfg = Release|Win32
		{8F9A8433-B11A-42D5-85FC-3D138766C7B3}.Release|x86.Build.0 = Release|Win32
		{A2BE1757-9641-4F55-BDAF-F9E62A529854}.Debug|x64.ActiveCfg = Debug|x64
		{A2BE1757-9641-4F55-BDAF-F9E62A529854}.Debug|x64.Build.0 = Debug|x64
		{A2BE1757-9641-4F55-BDAF-F9E62A529854}.Debug|x86.ActiveCfg = Debug|Win32
		{A2BE1757-9641-4F55-BDAF-F9E62A529854}.Debug|x86.Build.0 = Debug|Win32
		{A2BE1757-9641-4F55-BDAF-F9E62A529854}.Release|x64.ActiveCfg = Release|x64
		{A2BE1757-9641-4F55-BDAF-F9E62A529854}.Release|x64.Build.0 = Release|x64
		{A2BE1757-9641-4F55-BDAF-F9E62A529854}.Release|x86.ActiveCfg = Release|Win32
		{A2BE1757-9641-4F55-BDAF-F9E62A529854}.Release|x86.Build.0 = Release|Win32
		{C19A299B-127F-4146-AEE6-7172483DF3B2}.Debug|x64.ActiveCfg = Debug|x64
		{C19A299B-127F-4146-AEE6-7172483DF3B2}.Debug|x64.Build.0 = Debug|x64
		{C19A299B-127F-4146-AEE6-7172483DF3B2}.Debug|x86.ActiveCfg = Debug|Win32
		{C19A299B-127F-4146-AEE6-7172483DF3B2}.Debug|x86.Build.0 = Debug|Win32
		{C19A299B-127F-4146-AEE6-7172483DF3B2}.Release|x64.ActiveCfg = Release|x64
		{C19A299B-127F-4146-AEE6-7172483DF3B2}.Release|x64.Build.0 = Release|x64
		{C19A299B-127F-4146-AEE6-7172483DF3B2}.Release|x86.ActiveCfg = Release|Win32
		{C19A299B-127F-4146-AEE6-7172483DF3B2}.Release|x86.Build.0 = Release|Win32
		{1EED89BA-1775-42A2-A9DF-2CB61B1798EE}.Debug|x64.ActiveCfg = Debug|x64
		{1EED89BA-1775-42A2-A9DF-2CB61B1798EE}.Debug|x64.Build.0 = Debug|x64
		{1EED89BA-1775-42A2-A9DF-2CB61B1798EE}.Debug|x86.ActiveCfg = Debug|Win32
		{1EED89BA-1775-42A2-A9DF-2CB61B1798EE}.Debug|x86.Build.0 = Debug|Win32
		{1EED89BA-1775-42A2-A9DF-2CB61B1798EE}.Release|x64.ActiveCfg = Release|x64
		{1EED89BA-1775-42A2-A9DF-2CB61B1798EE}.Release|x64.Build.0 = Release|x64
		{1EED89BA-1775-42A2-A9DF-2CB61B1798EE}.Release|x86.ActiveCfg = Release|Win32
		{1EED89BA-1775-42A2-A9DF-2CB61B1798EE}.Release|x86.Build.0 = Release|Win32
		{6C13E3E6-F583-4E54-91B9-78C68A9470C6}.Debug|x64.ActiveCfg = Debug|x64
		{6C13E3E6-F583-4E54-91B9-78C68A9470C6}.Debug|x64.Build.0 = Debug|x64
		{6C13E3E6-F583-4E54-91B9-78C68A9470C6}.Debug|x86.ActiveCfg = Debug|Win32
		{6C13E3E6-F583-4E54-91B9-78C68A9470C6}.Debug|x86.Build.0 = Debug|Win32
		{6C13E3E6-F583-4E54-91B9-78C68A9470C6}.Release|x64.ActiveCfg = Release|x64
		{6C13E3E6-F583-4E54-91B9-78C68A9470C6}.Release|x64.Build.0 = Release|x64
		{6C13E3E6-F583-4E54-91B9-78C68A9470C6}.Release|x86.ActiveCfg = Release|Win32
		{6C13E3E6-F583-4E54-91B9-78C68A9470C6}.Release|x86.Build.0 = Release|Win32
		{15222A31-211E-4E3D-8EFD-D769FE73E858}.Debug|x64.ActiveCfg = Debug|x64
		{15222A31-211E-4E3D-8EFD-D769FE73E858}.Debug|x64.Build.0 = Debug|x64
		{15222A31-211E-4E3D-8EFD-D769FE73E858}.Debug|x86.ActiveCfg = Debug|Win32
		{15222A31-211E-4E3D-8EFD-D769FE73E858}.Debug|x86.Build.0 = Debug|Win32
		{15222A31-211E-4E3D-8EFD-D769FE73E858}.Release|x64.ActiveCfg = Release|x64
		{15222A31-211E-4E3D-8EFD-D769FE73E858}.Release|x64.Build.0 = Release|x64
		{15222A31-211E-4E3D-8EFD-D769FE73E858}.Release|x86.ActiveCfg = Release|Win32
		{15222A31-211E-4E3D-8EFD-D769FE73E858}.Release|x86.Build.0 = Release|Win32
		{1859C2CC-EB4D-48D4-8C36-AD5CCDCBF818}.Debug|x64.ActiveCfg = Debug|x64
		{1859C2CC-EB4D-48D4-8C36-AD5CCDCBF818}.Debug|x64.Build.0 = Debug|x64
		{1859C2CC-EB4D-48D4-8C36-AD5CCDCBF818}.Debug|x86.ActiveCfg = Debug|Win32
		{1859C2CC-EB4D-48D4-8C36-AD5CCDCBF818}.Debug|x86.Build.0 = Debug|Win32
		{1859C2CC-EB4D-48D4-8C36-AD5CCDCBF818}.Release|x64.ActiveCfg = Release|x64
		{1859C2CC-EB4D-48D4-8C36-AD5CCDCBF818}.Release|x64.Build.0 = Release|x64
		{1859C2CC-EB4D-48D4-8C36-AD5CCDCBF818}.Release|x86.ActiveCfg = Release|Win32
		{1859C2CC-EB4D-48D4-8C36-AD5CCDCBF818}.Release|x86.Build.0 = Release|Win32
	EndGlobalSection
	GlobalSection(SolutionProperties) = preSolution
		HideSolutionNode = FALSE
	EndGlobalSection
	GlobalSection(ExtensibilityGlobals) = postSolution
		SolutionGuid = {C3BB4E3D-4414-48FA-9013-C6050D839443}
	EndGlobalSection
EndGlobal
